
Microsoft Visual Studio Solution File, Format Version 12.00
Project("{FAE04EC0-301F-11D3-BF4B-00C04F79EFBC}") = "OSPhoto", "OSPhoto\OSPhoto.csproj", "{9CB3F69C-7AA2-49DE-B36D-D482445D1EA3}"
EndProject
Global
	GlobalSection(SolutionConfigurationPlatforms) = preSolution
		Debug|Any CPU = Debug|Any CPU
		Release|Any CPU = Release|Any CPU
	EndGlobalSection
	GlobalSection(ProjectConfigurationPlatforms) = postSolution
		{9CB3F69C-7AA2-49DE-B36D-D482445D1EA3}.Debug|Any CPU.ActiveCfg = Debug|Any CPU
		{9CB3F69C-7AA2-49DE-B36D-D482445D1EA3}.Debug|Any CPU.Build.0 = Debug|Any CPU
		{9CB3F69C-7AA2-49DE-B36D-D482445D1EA3}.Release|Any CPU.ActiveCfg = Release|Any CPU
		{9CB3F69C-7AA2-49DE-B36D-D482445D1EA3}.Release|Any CPU.Build.0 = Release|Any CPU
	EndGlobalSection
EndGlobal
